
Microsoft Visual Studio Solution File, Format Version 12.00
# Visual Studio 2012
Project("{FAE04EC0-301F-11D3-BF4B-00C04F79EFBC}") = "Fast Script", "Fast Script\Fast Script.csproj", "{AC91093F-899F-4D0F-A579-C1041724C7A7}"
EndProject
Project("{FAE04EC0-301F-11D3-BF4B-00C04F79EFBC}") = "yeti.mmedia", "Fast Script\yeti.mmedia\yeti.mmedia.csproj", "{315EE7BF-EAE2-42C0-BFC6-CCA9160F3CFE}"
EndProject
Project("{FAE04EC0-301F-11D3-BF4B-00C04F79EFBC}") = "yeti.mp3", "Fast Script\yeti.mp3\yeti.mp3.csproj", "{B564FD33-FA50-46B2-B669-2D83DE3AF5E4}"
EndProject
Project("{54435603-DBB4-11D2-8724-00A0C9A8B90C}") = "Setup", "Setup\Setup.vdproj", "{34A2F3AB-F727-4C76-9B1E-221B6D1B152A}"
EndProject
Project("{FAE04EC0-301F-11D3-BF4B-00C04F79EFBC}") = "TestFastScript", "TestFastScript\TestFastScript.csproj", "{7A0D20EE-9970-4AF3-B122-8664D0CC3F4B}"
EndProject
Project("{2150E333-8FDC-42A3-9474-1A3956D46DE8}") = "Solution Items", "Solution Items", "{2E42DFF9-6406-4684-8A9E-EDB298467E5F}"
	ProjectSection(SolutionItems) = preProject
		Fast Script1.vsmdi = Fast Script1.vsmdi
		Local.testsettings = Local.testsettings
		TraceAndTestImpact.testsettings = TraceAndTestImpact.testsettings
	EndProjectSection
EndProject
Project("{6141683F-8A12-4E36-9623-2EB02B2C2303}") = "Setup_FastScript", "Setup_FastScript\Setup_FastScript.isproj", "{7BC6215B-B773-44C3-8CA3-E858AF48B2EA}"
	ProjectSection(ProjectDependencies) = postProject
		{AC91093F-899F-4D0F-A579-C1041724C7A7} = {AC91093F-899F-4D0F-A579-C1041724C7A7}
	EndProjectSection
EndProject
Project("{FAE04EC0-301F-11D3-BF4B-00C04F79EFBC}") = "Fast Project", "Fast Project\Fast Project.csproj", "{D5F4C6B3-498B-432F-B5A2-94A653FEE783}"
EndProject
Project("{FAE04EC0-301F-11D3-BF4B-00C04F79EFBC}") = "Orvis.Framework.Utility", "Orvis.Framework.Utility\Orvis.Framework.Utility.csproj", "{39C17CBC-C14C-4591-8563-F680F4B3D9E2}"
EndProject
Project("{FAE04EC0-301F-11D3-BF4B-00C04F79EFBC}") = "FastProject.Test", "FastProject.Test\FastProject.Test.csproj", "{003089C2-2E6E-4B5F-BC6A-3105F09AD631}"
EndProject
Project("{FAE04EC0-301F-11D3-BF4B-00C04F79EFBC}") = "Orvis.Framework.UtilityTest", "Orvis.Framework.UtilityTest\Orvis.Framework.UtilityTest.csproj", "{CFAC9E08-DE96-4394-8100-B87CD21E4FC3}"
EndProject
Global
	GlobalSection(TestCaseManagementSettings) = postSolution
		CategoryFile = Fast Script1.vsmdi
	EndGlobalSection
	GlobalSection(SolutionConfigurationPlatforms) = preSolution
		CD_ROM|Any CPU = CD_ROM|Any CPU
		CD_ROM|Mixed Platforms = CD_ROM|Mixed Platforms
		CD_ROM|x86 = CD_ROM|x86
		Debug|Any CPU = Debug|Any CPU
		Debug|Mixed Platforms = Debug|Mixed Platforms
		Debug|x86 = Debug|x86
		DVD-5|Any CPU = DVD-5|Any CPU
		DVD-5|Mixed Platforms = DVD-5|Mixed Platforms
		DVD-5|x86 = DVD-5|x86
		Release|Any CPU = Release|Any CPU
		Release|Mixed Platforms = Release|Mixed Platforms
		Release|x86 = Release|x86
		SingleImage|Any CPU = SingleImage|Any CPU
		SingleImage|Mixed Platforms = SingleImage|Mixed Platforms
		SingleImage|x86 = SingleImage|x86
	EndGlobalSection
	GlobalSection(ProjectConfigurationPlatforms) = postSolution
		{AC91093F-899F-4D0F-A579-C1041724C7A7}.CD_ROM|Any CPU.ActiveCfg = Release|x86
		{AC91093F-899F-4D0F-A579-C1041724C7A7}.CD_ROM|Mixed Platforms.ActiveCfg = Release|x86
		{AC91093F-899F-4D0F-A579-C1041724C7A7}.CD_ROM|Mixed Platforms.Build.0 = Release|x86
		{AC91093F-899F-4D0F-A579-C1041724C7A7}.CD_ROM|x86.ActiveCfg = Release|x86
		{AC91093F-899F-4D0F-A579-C1041724C7A7}.CD_ROM|x86.Build.0 = Release|x86
		{AC91093F-899F-4D0F-A579-C1041724C7A7}.Debug|Any CPU.ActiveCfg = Debug|x86
		{AC91093F-899F-4D0F-A579-C1041724C7A7}.Debug|Any CPU.Build.0 = Debug|x86
		{AC91093F-899F-4D0F-A579-C1041724C7A7}.Debug|Mixed Platforms.ActiveCfg = Debug|x86
		{AC91093F-899F-4D0F-A579-C1041724C7A7}.Debug|Mixed Platforms.Build.0 = Debug|x86
		{AC91093F-899F-4D0F-A579-C1041724C7A7}.Debug|x86.ActiveCfg = Debug|x86
		{AC91093F-899F-4D0F-A579-C1041724C7A7}.Debug|x86.Build.0 = Debug|x86
		{AC91093F-899F-4D0F-A579-C1041724C7A7}.DVD-5|Any CPU.ActiveCfg = Debug|x86
		{AC91093F-899F-4D0F-A579-C1041724C7A7}.DVD-5|Mixed Platforms.ActiveCfg = Debug|x86
		{AC91093F-899F-4D0F-A579-C1041724C7A7}.DVD-5|Mixed Platforms.Build.0 = Debug|x86
		{AC91093F-899F-4D0F-A579-C1041724C7A7}.DVD-5|x86.ActiveCfg = Debug|x86
		{AC91093F-899F-4D0F-A579-C1041724C7A7}.DVD-5|x86.Build.0 = Debug|x86
		{AC91093F-899F-4D0F-A579-C1041724C7A7}.Release|Any CPU.ActiveCfg = Release|x86
		{AC91093F-899F-4D0F-A579-C1041724C7A7}.Release|Mixed Platforms.ActiveCfg = Release|x86
		{AC91093F-899F-4D0F-A579-C1041724C7A7}.Release|Mixed Platforms.Build.0 = Release|x86
		{AC91093F-899F-4D0F-A579-C1041724C7A7}.Release|x86.ActiveCfg = Release|x86
		{AC91093F-899F-4D0F-A579-C1041724C7A7}.Release|x86.Build.0 = Release|x86
		{AC91093F-899F-4D0F-A579-C1041724C7A7}.SingleImage|Any CPU.ActiveCfg = Release|x86
		{AC91093F-899F-4D0F-A579-C1041724C7A7}.SingleImage|Mixed Platforms.ActiveCfg = Release|x86
		{AC91093F-899F-4D0F-A579-C1041724C7A7}.SingleImage|Mixed Platforms.Build.0 = Release|x86
		{AC91093F-899F-4D0F-A579-C1041724C7A7}.SingleImage|x86.ActiveCfg = Release|x86
		{AC91093F-899F-4D0F-A579-C1041724C7A7}.SingleImage|x86.Build.0 = Release|x86
		{315EE7BF-EAE2-42C0-BFC6-CCA9160F3CFE}.CD_ROM|Any CPU.ActiveCfg = Release|Any CPU
		{315EE7BF-EAE2-42C0-BFC6-CCA9160F3CFE}.CD_ROM|Any CPU.Build.0 = Release|Any CPU
		{315EE7BF-EAE2-42C0-BFC6-CCA9160F3CFE}.CD_ROM|Mixed Platforms.ActiveCfg = Release|Any CPU
		{315EE7BF-EAE2-42C0-BFC6-CCA9160F3CFE}.CD_ROM|Mixed Platforms.Build.0 = Release|Any CPU
		{315EE7BF-EAE2-42C0-BFC6-CCA9160F3CFE}.CD_ROM|x86.ActiveCfg = Release|Any CPU
		{315EE7BF-EAE2-42C0-BFC6-CCA9160F3CFE}.Debug|Any CPU.ActiveCfg = Debug|Any CPU
		{315EE7BF-EAE2-42C0-BFC6-CCA9160F3CFE}.Debug|Any CPU.Build.0 = Debug|Any CPU
		{315EE7BF-EAE2-42C0-BFC6-CCA9160F3CFE}.Debug|Mixed Platforms.ActiveCfg = Debug|Any CPU
		{315EE7BF-EAE2-42C0-BFC6-CCA9160F3CFE}.Debug|Mixed Platforms.Build.0 = Debug|Any CPU
		{315EE7BF-EAE2-42C0-BFC6-CCA9160F3CFE}.Debug|x86.ActiveCfg = Debug|Any CPU
		{315EE7BF-EAE2-42C0-BFC6-CCA9160F3CFE}.DVD-5|Any CPU.ActiveCfg = Debug|Any CPU
		{315EE7BF-EAE2-42C0-BFC6-CCA9160F3CFE}.DVD-5|Any CPU.Build.0 = Debug|Any CPU
		{315EE7BF-EAE2-42C0-BFC6-CCA9160F3CFE}.DVD-5|Mixed Platforms.ActiveCfg = Debug|Any CPU
		{315EE7BF-EAE2-42C0-BFC6-CCA9160F3CFE}.DVD-5|Mixed Platforms.Build.0 = Debug|Any CPU
		{315EE7BF-EAE2-42C0-BFC6-CCA9160F3CFE}.DVD-5|x86.ActiveCfg = Debug|Any CPU
		{315EE7BF-EAE2-42C0-BFC6-CCA9160F3CFE}.Release|Any CPU.ActiveCfg = Release|Any CPU
		{315EE7BF-EAE2-42C0-BFC6-CCA9160F3CFE}.Release|Any CPU.Build.0 = Release|Any CPU
		{315EE7BF-EAE2-42C0-BFC6-CCA9160F3CFE}.Release|Mixed Platforms.ActiveCfg = Release|Any CPU
		{315EE7BF-EAE2-42C0-BFC6-CCA9160F3CFE}.Release|Mixed Platforms.Build.0 = Release|Any CPU
		{315EE7BF-EAE2-42C0-BFC6-CCA9160F3CFE}.Release|x86.ActiveCfg = Release|Any CPU
		{315EE7BF-EAE2-42C0-BFC6-CCA9160F3CFE}.SingleImage|Any CPU.ActiveCfg = Release|Any CPU
		{315EE7BF-EAE2-42C0-BFC6-CCA9160F3CFE}.SingleImage|Any CPU.Build.0 = Release|Any CPU
		{315EE7BF-EAE2-42C0-BFC6-CCA9160F3CFE}.SingleImage|Mixed Platforms.ActiveCfg = Release|Any CPU
		{315EE7BF-EAE2-42C0-BFC6-CCA9160F3CFE}.SingleImage|Mixed Platforms.Build.0 = Release|Any CPU
		{315EE7BF-EAE2-42C0-BFC6-CCA9160F3CFE}.SingleImage|x86.ActiveCfg = Release|Any CPU
		{B564FD33-FA50-46B2-B669-2D83DE3AF5E4}.CD_ROM|Any CPU.ActiveCfg = Release|Any CPU
		{B564FD33-FA50-46B2-B669-2D83DE3AF5E4}.CD_ROM|Any CPU.Build.0 = Release|Any CPU
		{B564FD33-FA50-46B2-B669-2D83DE3AF5E4}.CD_ROM|Mixed Platforms.ActiveCfg = Release|Any CPU
		{B564FD33-FA50-46B2-B669-2D83DE3AF5E4}.CD_ROM|Mixed Platforms.Build.0 = Release|Any CPU
		{B564FD33-FA50-46B2-B669-2D83DE3AF5E4}.CD_ROM|x86.ActiveCfg = Release|Any CPU
		{B564FD33-FA50-46B2-B669-2D83DE3AF5E4}.Debug|Any CPU.ActiveCfg = Debug|Any CPU
		{B564FD33-FA50-46B2-B669-2D83DE3AF5E4}.Debug|Any CPU.Build.0 = Debug|Any CPU
		{B564FD33-FA50-46B2-B669-2D83DE3AF5E4}.Debug|Mixed Platforms.ActiveCfg = Debug|Any CPU
		{B564FD33-FA50-46B2-B669-2D83DE3AF5E4}.Debug|Mixed Platforms.Build.0 = Debug|Any CPU
		{B564FD33-FA50-46B2-B669-2D83DE3AF5E4}.Debug|x86.ActiveCfg = Debug|Any CPU
		{B564FD33-FA50-46B2-B669-2D83DE3AF5E4}.DVD-5|Any CPU.ActiveCfg = Debug|Any CPU
		{B564FD33-FA50-46B2-B669-2D83DE3AF5E4}.DVD-5|Any CPU.Build.0 = Debug|Any CPU
		{B564FD33-FA50-46B2-B669-2D83DE3AF5E4}.DVD-5|Mixed Platforms.ActiveCfg = Debug|Any CPU
		{B564FD33-FA50-46B2-B669-2D83DE3AF5E4}.DVD-5|Mixed Platforms.Build.0 = Debug|Any CPU
		{B564FD33-FA50-46B2-B669-2D83DE3AF5E4}.DVD-5|x86.ActiveCfg = Debug|Any CPU
		{B564FD33-FA50-46B2-B669-2D83DE3AF5E4}.Release|Any CPU.ActiveCfg = Release|Any CPU
		{B564FD33-FA50-46B2-B669-2D83DE3AF5E4}.Release|Any CPU.Build.0 = Release|Any CPU
		{B564FD33-FA50-46B2-B669-2D83DE3AF5E4}.Release|Mixed Platforms.ActiveCfg = Release|Any CPU
		{B564FD33-FA50-46B2-B669-2D83DE3AF5E4}.Release|Mixed Platforms.Build.0 = Release|Any CPU
		{B564FD33-FA50-46B2-B669-2D83DE3AF5E4}.Release|x86.ActiveCfg = Release|Any CPU
		{B564FD33-FA50-46B2-B669-2D83DE3AF5E4}.SingleImage|Any CPU.ActiveCfg = Release|Any CPU
		{B564FD33-FA50-46B2-B669-2D83DE3AF5E4}.SingleImage|Any CPU.Build.0 = Release|Any CPU
		{B564FD33-FA50-46B2-B669-2D83DE3AF5E4}.SingleImage|Mixed Platforms.ActiveCfg = Release|Any CPU
		{B564FD33-FA50-46B2-B669-2D83DE3AF5E4}.SingleImage|Mixed Platforms.Build.0 = Release|Any CPU
		{B564FD33-FA50-46B2-B669-2D83DE3AF5E4}.SingleImage|x86.ActiveCfg = Release|Any CPU
		{34A2F3AB-F727-4C76-9B1E-221B6D1B152A}.CD_ROM|Any CPU.ActiveCfg = Release
		{34A2F3AB-F727-4C76-9B1E-221B6D1B152A}.CD_ROM|Mixed Platforms.ActiveCfg = Release
		{34A2F3AB-F727-4C76-9B1E-221B6D1B152A}.CD_ROM|x86.ActiveCfg = Release
		{34A2F3AB-F727-4C76-9B1E-221B6D1B152A}.Debug|Any CPU.ActiveCfg = Debug
		{34A2F3AB-F727-4C76-9B1E-221B6D1B152A}.Debug|Mixed Platforms.ActiveCfg = Debug
		{34A2F3AB-F727-4C76-9B1E-221B6D1B152A}.Debug|x86.ActiveCfg = Debug
		{34A2F3AB-F727-4C76-9B1E-221B6D1B152A}.DVD-5|Any CPU.ActiveCfg = Debug
		{34A2F3AB-F727-4C76-9B1E-221B6D1B152A}.DVD-5|Mixed Platforms.ActiveCfg = Debug
		{34A2F3AB-F727-4C76-9B1E-221B6D1B152A}.DVD-5|x86.ActiveCfg = Debug
		{34A2F3AB-F727-4C76-9B1E-221B6D1B152A}.Release|Any CPU.ActiveCfg = Release
		{34A2F3AB-F727-4C76-9B1E-221B6D1B152A}.Release|Mixed Platforms.ActiveCfg = Release
		{34A2F3AB-F727-4C76-9B1E-221B6D1B152A}.Release|x86.ActiveCfg = Release
		{34A2F3AB-F727-4C76-9B1E-221B6D1B152A}.SingleImage|Any CPU.ActiveCfg = Release
		{34A2F3AB-F727-4C76-9B1E-221B6D1B152A}.SingleImage|Mixed Platforms.ActiveCfg = Release
		{34A2F3AB-F727-4C76-9B1E-221B6D1B152A}.SingleImage|x86.ActiveCfg = Release
		{7A0D20EE-9970-4AF3-B122-8664D0CC3F4B}.CD_ROM|Any CPU.ActiveCfg = Release|Any CPU
		{7A0D20EE-9970-4AF3-B122-8664D0CC3F4B}.CD_ROM|Any CPU.Build.0 = Release|Any CPU
		{7A0D20EE-9970-4AF3-B122-8664D0CC3F4B}.CD_ROM|Mixed Platforms.ActiveCfg = Release|Any CPU
		{7A0D20EE-9970-4AF3-B122-8664D0CC3F4B}.CD_ROM|Mixed Platforms.Build.0 = Release|Any CPU
		{7A0D20EE-9970-4AF3-B122-8664D0CC3F4B}.CD_ROM|x86.ActiveCfg = Release|Any CPU
		{7A0D20EE-9970-4AF3-B122-8664D0CC3F4B}.Debug|Any CPU.ActiveCfg = Debug|Any CPU
		{7A0D20EE-9970-4AF3-B122-8664D0CC3F4B}.Debug|Any CPU.Build.0 = Debug|Any CPU
		{7A0D20EE-9970-4AF3-B122-8664D0CC3F4B}.Debug|Mixed Platforms.ActiveCfg = Debug|Any CPU
		{7A0D20EE-9970-4AF3-B122-8664D0CC3F4B}.Debug|Mixed Platforms.Build.0 = Debug|Any CPU
		{7A0D20EE-9970-4AF3-B122-8664D0CC3F4B}.Debug|x86.ActiveCfg = Debug|Any CPU
		{7A0D20EE-9970-4AF3-B122-8664D0CC3F4B}.DVD-5|Any CPU.ActiveCfg = Debug|Any CPU
		{7A0D20EE-9970-4AF3-B122-8664D0CC3F4B}.DVD-5|Any CPU.Build.0 = Debug|Any CPU
		{7A0D20EE-9970-4AF3-B122-8664D0CC3F4B}.DVD-5|Mixed Platforms.ActiveCfg = Debug|Any CPU
		{7A0D20EE-9970-4AF3-B122-8664D0CC3F4B}.DVD-5|Mixed Platforms.Build.0 = Debug|Any CPU
		{7A0D20EE-9970-4AF3-B122-8664D0CC3F4B}.DVD-5|x86.ActiveCfg = Debug|Any CPU
		{7A0D20EE-9970-4AF3-B122-8664D0CC3F4B}.Release|Any CPU.ActiveCfg = Release|Any CPU
		{7A0D20EE-9970-4AF3-B122-8664D0CC3F4B}.Release|Any CPU.Build.0 = Release|Any CPU
		{7A0D20EE-9970-4AF3-B122-8664D0CC3F4B}.Release|Mixed Platforms.ActiveCfg = Release|Any CPU
		{7A0D20EE-9970-4AF3-B122-8664D0CC3F4B}.Release|Mixed Platforms.Build.0 = Release|Any CPU
		{7A0D20EE-9970-4AF3-B122-8664D0CC3F4B}.Release|x86.ActiveCfg = Release|Any CPU
		{7A0D20EE-9970-4AF3-B122-8664D0CC3F4B}.SingleImage|Any CPU.ActiveCfg = Release|Any CPU
		{7A0D20EE-9970-4AF3-B122-8664D0CC3F4B}.SingleImage|Any CPU.Build.0 = Release|Any CPU
		{7A0D20EE-9970-4AF3-B122-8664D0CC3F4B}.SingleImage|Mixed Platforms.ActiveCfg = Release|Any CPU
		{7A0D20EE-9970-4AF3-B122-8664D0CC3F4B}.SingleImage|Mixed Platforms.Build.0 = Release|Any CPU
		{7A0D20EE-9970-4AF3-B122-8664D0CC3F4B}.SingleImage|x86.ActiveCfg = Release|Any CPU
		{7BC6215B-B773-44C3-8CA3-E858AF48B2EA}.CD_ROM|Any CPU.ActiveCfg = CD_ROM
		{7BC6215B-B773-44C3-8CA3-E858AF48B2EA}.CD_ROM|Any CPU.Build.0 = CD_ROM
		{7BC6215B-B773-44C3-8CA3-E858AF48B2EA}.CD_ROM|Mixed Platforms.ActiveCfg = CD_ROM
		{7BC6215B-B773-44C3-8CA3-E858AF48B2EA}.CD_ROM|Mixed Platforms.Build.0 = CD_ROM
		{7BC6215B-B773-44C3-8CA3-E858AF48B2EA}.CD_ROM|x86.ActiveCfg = CD_ROM
		{7BC6215B-B773-44C3-8CA3-E858AF48B2EA}.CD_ROM|x86.Build.0 = CD_ROM
		{7BC6215B-B773-44C3-8CA3-E858AF48B2EA}.Debug|Any CPU.ActiveCfg = DVD-5
		{7BC6215B-B773-44C3-8CA3-E858AF48B2EA}.Debug|Any CPU.Build.0 = DVD-5
		{7BC6215B-B773-44C3-8CA3-E858AF48B2EA}.Debug|Mixed Platforms.ActiveCfg = DVD-5
		{7BC6215B-B773-44C3-8CA3-E858AF48B2EA}.Debug|Mixed Platforms.Build.0 = DVD-5
		{7BC6215B-B773-44C3-8CA3-E858AF48B2EA}.Debug|x86.ActiveCfg = DVD-5
		{7BC6215B-B773-44C3-8CA3-E858AF48B2EA}.Debug|x86.Build.0 = DVD-5
		{7BC6215B-B773-44C3-8CA3-E858AF48B2EA}.DVD-5|Any CPU.ActiveCfg = DVD-5
		{7BC6215B-B773-44C3-8CA3-E858AF48B2EA}.DVD-5|Any CPU.Build.0 = DVD-5
		{7BC6215B-B773-44C3-8CA3-E858AF48B2EA}.DVD-5|Mixed Platforms.ActiveCfg = DVD-5
		{7BC6215B-B773-44C3-8CA3-E858AF48B2EA}.DVD-5|Mixed Platforms.Build.0 = DVD-5
		{7BC6215B-B773-44C3-8CA3-E858AF48B2EA}.DVD-5|x86.ActiveCfg = DVD-5
		{7BC6215B-B773-44C3-8CA3-E858AF48B2EA}.DVD-5|x86.Build.0 = DVD-5
		{7BC6215B-B773-44C3-8CA3-E858AF48B2EA}.Release|Any CPU.ActiveCfg = SingleImage
		{7BC6215B-B773-44C3-8CA3-E858AF48B2EA}.Release|Any CPU.Build.0 = SingleImage
		{7BC6215B-B773-44C3-8CA3-E858AF48B2EA}.Release|Mixed Platforms.ActiveCfg = SingleImage
		{7BC6215B-B773-44C3-8CA3-E858AF48B2EA}.Release|Mixed Platforms.Build.0 = SingleImage
		{7BC6215B-B773-44C3-8CA3-E858AF48B2EA}.Release|x86.ActiveCfg = SingleImage
		{7BC6215B-B773-44C3-8CA3-E858AF48B2EA}.Release|x86.Build.0 = SingleImage
		{7BC6215B-B773-44C3-8CA3-E858AF48B2EA}.SingleImage|Any CPU.ActiveCfg = SingleImage
		{7BC6215B-B773-44C3-8CA3-E858AF48B2EA}.SingleImage|Any CPU.Build.0 = SingleImage
		{7BC6215B-B773-44C3-8CA3-E858AF48B2EA}.SingleImage|Mixed Platforms.ActiveCfg = SingleImage
		{7BC6215B-B773-44C3-8CA3-E858AF48B2EA}.SingleImage|Mixed Platforms.Build.0 = SingleImage
		{7BC6215B-B773-44C3-8CA3-E858AF48B2EA}.SingleImage|x86.ActiveCfg = SingleImage
		{7BC6215B-B773-44C3-8CA3-E858AF48B2EA}.SingleImage|x86.Build.0 = SingleImage
		{D5F4C6B3-498B-432F-B5A2-94A653FEE783}.CD_ROM|Any CPU.ActiveCfg = Release|Any CPU
		{D5F4C6B3-498B-432F-B5A2-94A653FEE783}.CD_ROM|Any CPU.Build.0 = Release|Any CPU
		{D5F4C6B3-498B-432F-B5A2-94A653FEE783}.CD_ROM|Mixed Platforms.ActiveCfg = Release|Any CPU
		{D5F4C6B3-498B-432F-B5A2-94A653FEE783}.CD_ROM|Mixed Platforms.Build.0 = Release|Any CPU
		{D5F4C6B3-498B-432F-B5A2-94A653FEE783}.CD_ROM|x86.ActiveCfg = Release|Any CPU
		{D5F4C6B3-498B-432F-B5A2-94A653FEE783}.Debug|Any CPU.ActiveCfg = Debug|Any CPU
		{D5F4C6B3-498B-432F-B5A2-94A653FEE783}.Debug|Any CPU.Build.0 = Debug|Any CPU
		{D5F4C6B3-498B-432F-B5A2-94A653FEE783}.Debug|Mixed Platforms.ActiveCfg = Debug|Any CPU
		{D5F4C6B3-498B-432F-B5A2-94A653FEE783}.Debug|Mixed Platforms.Build.0 = Debug|Any CPU
		{D5F4C6B3-498B-432F-B5A2-94A653FEE783}.Debug|x86.ActiveCfg = Debug|Any CPU
		{D5F4C6B3-498B-432F-B5A2-94A653FEE783}.DVD-5|Any CPU.ActiveCfg = Debug|Any CPU
		{D5F4C6B3-498B-432F-B5A2-94A653FEE783}.DVD-5|Any CPU.Build.0 = Debug|Any CPU
		{D5F4C6B3-498B-432F-B5A2-94A653FEE783}.DVD-5|Mixed Platforms.ActiveCfg = Debug|Any CPU
		{D5F4C6B3-498B-432F-B5A2-94A653FEE783}.DVD-5|Mixed Platforms.Build.0 = Debug|Any CPU
		{D5F4C6B3-498B-432F-B5A2-94A653FEE783}.DVD-5|x86.ActiveCfg = Debug|Any CPU
		{D5F4C6B3-498B-432F-B5A2-94A653FEE783}.Release|Any CPU.ActiveCfg = Release|Any CPU
		{D5F4C6B3-498B-432F-B5A2-94A653FEE783}.Release|Any CPU.Build.0 = Release|Any CPU
		{D5F4C6B3-498B-432F-B5A2-94A653FEE783}.Release|Mixed Platforms.ActiveCfg = Release|Any CPU
		{D5F4C6B3-498B-432F-B5A2-94A653FEE783}.Release|Mixed Platforms.Build.0 = Release|Any CPU
		{D5F4C6B3-498B-432F-B5A2-94A653FEE783}.Release|x86.ActiveCfg = Release|Any CPU
		{D5F4C6B3-498B-432F-B5A2-94A653FEE783}.SingleImage|Any CPU.ActiveCfg = Release|Any CPU
		{D5F4C6B3-498B-432F-B5A2-94A653FEE783}.SingleImage|Any CPU.Build.0 = Release|Any CPU
		{D5F4C6B3-498B-432F-B5A2-94A653FEE783}.SingleImage|Mixed Platforms.ActiveCfg = Release|Any CPU
		{D5F4C6B3-498B-432F-B5A2-94A653FEE783}.SingleImage|Mixed Platforms.Build.0 = Release|Any CPU
		{D5F4C6B3-498B-432F-B5A2-94A653FEE783}.SingleImage|x86.ActiveCfg = Release|Any CPU
		{39C17CBC-C14C-4591-8563-F680F4B3D9E2}.CD_ROM|Any CPU.ActiveCfg = Release|Any CPU
		{39C17CBC-C14C-4591-8563-F680F4B3D9E2}.CD_ROM|Any CPU.Build.0 = Release|Any CPU
		{39C17CBC-C14C-4591-8563-F680F4B3D9E2}.CD_ROM|Mixed Platforms.ActiveCfg = Release|Any CPU
		{39C17CBC-C14C-4591-8563-F680F4B3D9E2}.CD_ROM|Mixed Platforms.Build.0 = Release|Any CPU
		{39C17CBC-C14C-4591-8563-F680F4B3D9E2}.CD_ROM|x86.ActiveCfg = Release|Any CPU
		{39C17CBC-C14C-4591-8563-F680F4B3D9E2}.Debug|Any CPU.ActiveCfg = Debug|Any CPU
		{39C17CBC-C14C-4591-8563-F680F4B3D9E2}.Debug|Any CPU.Build.0 = Debug|Any CPU
		{39C17CBC-C14C-4591-8563-F680F4B3D9E2}.Debug|Mixed Platforms.ActiveCfg = Debug|Any CPU
		{39C17CBC-C14C-4591-8563-F680F4B3D9E2}.Debug|Mixed Platforms.Build.0 = Debug|Any CPU
		{39C17CBC-C14C-4591-8563-F680F4B3D9E2}.Debug|x86.ActiveCfg = Debug|Any CPU
		{39C17CBC-C14C-4591-8563-F680F4B3D9E2}.DVD-5|Any CPU.ActiveCfg = Debug|Any CPU
		{39C17CBC-C14C-4591-8563-F680F4B3D9E2}.DVD-5|Any CPU.Build.0 = Debug|Any CPU
		{39C17CBC-C14C-4591-8563-F680F4B3D9E2}.DVD-5|Mixed Platforms.ActiveCfg = Debug|Any CPU
		{39C17CBC-C14C-4591-8563-F680F4B3D9E2}.DVD-5|Mixed Platforms.Build.0 = Debug|Any CPU
		{39C17CBC-C14C-4591-8563-F680F4B3D9E2}.DVD-5|x86.ActiveCfg = Debug|Any CPU
		{39C17CBC-C14C-4591-8563-F680F4B3D9E2}.Release|Any CPU.ActiveCfg = Release|Any CPU
		{39C17CBC-C14C-4591-8563-F680F4B3D9E2}.Release|Any CPU.Build.0 = Release|Any CPU
		{39C17CBC-C14C-4591-8563-F680F4B3D9E2}.Release|Mixed Platforms.ActiveCfg = Release|Any CPU
		{39C17CBC-C14C-4591-8563-F680F4B3D9E2}.Release|Mixed Platforms.Build.0 = Release|Any CPU
		{39C17CBC-C14C-4591-8563-F680F4B3D9E2}.Release|x86.ActiveCfg = Release|Any CPU
		{39C17CBC-C14C-4591-8563-F680F4B3D9E2}.SingleImage|Any CPU.ActiveCfg = Release|Any CPU
		{39C17CBC-C14C-4591-8563-F680F4B3D9E2}.SingleImage|Any CPU.Build.0 = Release|Any CPU
		{39C17CBC-C14C-4591-8563-F680F4B3D9E2}.SingleImage|Mixed Platforms.ActiveCfg = Release|Any CPU
		{39C17CBC-C14C-4591-8563-F680F4B3D9E2}.SingleImage|Mixed Platforms.Build.0 = Release|Any CPU
		{39C17CBC-C14C-4591-8563-F680F4B3D9E2}.SingleImage|x86.ActiveCfg = Release|Any CPU
		{003089C2-2E6E-4B5F-BC6A-3105F09AD631}.CD_ROM|Any CPU.ActiveCfg = Release|Any CPU
		{003089C2-2E6E-4B5F-BC6A-3105F09AD631}.CD_ROM|Any CPU.Build.0 = Release|Any CPU
		{003089C2-2E6E-4B5F-BC6A-3105F09AD631}.CD_ROM|Mixed Platforms.ActiveCfg = Release|Any CPU
		{003089C2-2E6E-4B5F-BC6A-3105F09AD631}.CD_ROM|Mixed Platforms.Build.0 = Release|Any CPU
		{003089C2-2E6E-4B5F-BC6A-3105F09AD631}.CD_ROM|x86.ActiveCfg = Release|Any CPU
		{003089C2-2E6E-4B5F-BC6A-3105F09AD631}.Debug|Any CPU.ActiveCfg = Debug|Any CPU
		{003089C2-2E6E-4B5F-BC6A-3105F09AD631}.Debug|Any CPU.Build.0 = Debug|Any CPU
		{003089C2-2E6E-4B5F-BC6A-3105F09AD631}.Debug|Mixed Platforms.ActiveCfg = Debug|Any CPU
		{003089C2-2E6E-4B5F-BC6A-3105F09AD631}.Debug|Mixed Platforms.Build.0 = Debug|Any CPU
		{003089C2-2E6E-4B5F-BC6A-3105F09AD631}.Debug|x86.ActiveCfg = Debug|Any CPU
		{003089C2-2E6E-4B5F-BC6A-3105F09AD631}.DVD-5|Any CPU.ActiveCfg = Debug|Any CPU
		{003089C2-2E6E-4B5F-BC6A-3105F09AD631}.DVD-5|Any CPU.Build.0 = Debug|Any CPU
		{003089C2-2E6E-4B5F-BC6A-3105F09AD631}.DVD-5|Mixed Platforms.ActiveCfg = Debug|Any CPU
		{003089C2-2E6E-4B5F-BC6A-3105F09AD631}.DVD-5|Mixed Platforms.Build.0 = Debug|Any CPU
		{003089C2-2E6E-4B5F-BC6A-3105F09AD631}.DVD-5|x86.ActiveCfg = Debug|Any CPU
		{003089C2-2E6E-4B5F-BC6A-3105F09AD631}.Release|Any CPU.ActiveCfg = Release|Any CPU
		{003089C2-2E6E-4B5F-BC6A-3105F09AD631}.Release|Any CPU.Build.0 = Release|Any CPU
		{003089C2-2E6E-4B5F-BC6A-3105F09AD631}.Release|Mixed Platforms.ActiveCfg = Release|Any CPU
		{003089C2-2E6E-4B5F-BC6A-3105F09AD631}.Release|Mixed Platforms.Build.0 = Release|Any CPU
		{003089C2-2E6E-4B5F-BC6A-3105F09AD631}.Release|x86.ActiveCfg = Release|Any CPU
		{003089C2-2E6E-4B5F-BC6A-3105F09AD631}.SingleImage|Any CPU.ActiveCfg = Release|Any CPU
		{003089C2-2E6E-4B5F-BC6A-3105F09AD631}.SingleImage|Any CPU.Build.0 = Release|Any CPU
		{003089C2-2E6E-4B5F-BC6A-3105F09AD631}.SingleImage|Mixed Platforms.ActiveCfg = Release|Any CPU
		{003089C2-2E6E-4B5F-BC6A-3105F09AD631}.SingleImage|Mixed Platforms.Build.0 = Release|Any CPU
		{003089C2-2E6E-4B5F-BC6A-3105F09AD631}.SingleImage|x86.ActiveCfg = Release|Any CPU
		{CFAC9E08-DE96-4394-8100-B87CD21E4FC3}.CD_ROM|Any CPU.ActiveCfg = Release|Any CPU
		{CFAC9E08-DE96-4394-8100-B87CD21E4FC3}.CD_ROM|Any CPU.Build.0 = Release|Any CPU
		{CFAC9E08-DE96-4394-8100-B87CD21E4FC3}.CD_ROM|Mixed Platforms.ActiveCfg = Release|Any CPU
		{CFAC9E08-DE96-4394-8100-B87CD21E4FC3}.CD_ROM|Mixed Platforms.Build.0 = Release|Any CPU
		{CFAC9E08-DE96-4394-8100-B87CD21E4FC3}.CD_ROM|x86.ActiveCfg = Release|Any CPU
		{CFAC9E08-DE96-4394-8100-B87CD21E4FC3}.Debug|Any CPU.ActiveCfg = Debug|Any CPU
		{CFAC9E08-DE96-4394-8100-B87CD21E4FC3}.Debug|Any CPU.Build.0 = Debug|Any CPU
		{CFAC9E08-DE96-4394-8100-B87CD21E4FC3}.Debug|Mixed Platforms.ActiveCfg = Debug|Any CPU
		{CFAC9E08-DE96-4394-8100-B87CD21E4FC3}.Debug|Mixed Platforms.Build.0 = Debug|Any CPU
		{CFAC9E08-DE96-4394-8100-B87CD21E4FC3}.Debug|x86.ActiveCfg = Debug|Any CPU
		{CFAC9E08-DE96-4394-8100-B87CD21E4FC3}.DVD-5|Any CPU.ActiveCfg = Debug|Any CPU
		{CFAC9E08-DE96-4394-8100-B87CD21E4FC3}.DVD-5|Any CPU.Build.0 = Debug|Any CPU
		{CFAC9E08-DE96-4394-8100-B87CD21E4FC3}.DVD-5|Mixed Platforms.ActiveCfg = Debug|Any CPU
		{CFAC9E08-DE96-4394-8100-B87CD21E4FC3}.DVD-5|Mixed Platforms.Build.0 = Debug|Any CPU
		{CFAC9E08-DE96-4394-8100-B87CD21E4FC3}.DVD-5|x86.ActiveCfg = Debug|Any CPU
		{CFAC9E08-DE96-4394-8100-B87CD21E4FC3}.Release|Any CPU.ActiveCfg = Release|Any CPU
		{CFAC9E08-DE96-4394-8100-B87CD21E4FC3}.Release|Any CPU.Build.0 = Release|Any CPU
		{CFAC9E08-DE96-4394-8100-B87CD21E4FC3}.Release|Mixed Platforms.ActiveCfg = Release|Any CPU
		{CFAC9E08-DE96-4394-8100-B87CD21E4FC3}.Release|Mixed Platforms.Build.0 = Release|Any CPU
		{CFAC9E08-DE96-4394-8100-B87CD21E4FC3}.Release|x86.ActiveCfg = Release|Any CPU
		{CFAC9E08-DE96-4394-8100-B87CD21E4FC3}.SingleImage|Any CPU.ActiveCfg = Release|Any CPU
		{CFAC9E08-DE96-4394-8100-B87CD21E4FC3}.SingleImage|Any CPU.Build.0 = Release|Any CPU
		{CFAC9E08-DE96-4394-8100-B87CD21E4FC3}.SingleImage|Mixed Platforms.ActiveCfg = Release|Any CPU
		{CFAC9E08-DE96-4394-8100-B87CD21E4FC3}.SingleImage|Mixed Platforms.Build.0 = Release|Any CPU
		{CFAC9E08-DE96-4394-8100-B87CD21E4FC3}.SingleImage|x86.ActiveCfg = Release|Any CPU
	EndGlobalSection
	GlobalSection(SolutionProperties) = preSolution
		HideSolutionNode = FALSE
	EndGlobalSection
EndGlobal
