
Microsoft Visual Studio Solution File, Format Version 11.00
# Visual Studio 2010
Project("{FAE04EC0-301F-11D3-BF4B-00C04F79EFBC}") = "Fast Script", "Fast Script\Fast Script.csproj", "{AC91093F-899F-4D0F-A579-C1041724C7A7}"
EndProject
Project("{FAE04EC0-301F-11D3-BF4B-00C04F79EFBC}") = "yeti.mmedia", "Fast Script\yeti.mmedia\yeti.mmedia.csproj", "{315EE7BF-EAE2-42C0-BFC6-CCA9160F3CFE}"
EndProject
Project("{FAE04EC0-301F-11D3-BF4B-00C04F79EFBC}") = "yeti.mp3", "Fast Script\yeti.mp3\yeti.mp3.csproj", "{B564FD33-FA50-46B2-B669-2D83DE3AF5E4}"
EndProject
Project("{54435603-DBB4-11D2-8724-00A0C9A8B90C}") = "Setup", "Setup\Setup.vdproj", "{34A2F3AB-F727-4C76-9B1E-221B6D1B152A}"
EndProject
Global
	GlobalSection(SolutionConfigurationPlatforms) = preSolution
		Debug|Any CPU = Debug|Any CPU
		Debug|Mixed Platforms = Debug|Mixed Platforms
		Debug|x86 = Debug|x86
		Release|Any CPU = Release|Any CPU
		Release|Mixed Platforms = Release|Mixed Platforms
		Release|x86 = Release|x86
	EndGlobalSection
	GlobalSection(ProjectConfigurationPlatforms) = postSolution
		{AC91093F-899F-4D0F-A579-C1041724C7A7}.Debug|Any CPU.ActiveCfg = Debug|x86
		{AC91093F-899F-4D0F-A579-C1041724C7A7}.Debug|Mixed Platforms.ActiveCfg = Debug|x86
		{AC91093F-899F-4D0F-A579-C1041724C7A7}.Debug|Mixed Platforms.Build.0 = Debug|x86
		{AC91093F-899F-4D0F-A579-C1041724C7A7}.Debug|x86.ActiveCfg = Debug|x86
		{AC91093F-899F-4D0F-A579-C1041724C7A7}.Debug|x86.Build.0 = Debug|x86
		{AC91093F-899F-4D0F-A579-C1041724C7A7}.Release|Any CPU.ActiveCfg = Release|x86
		{AC91093F-899F-4D0F-A579-C1041724C7A7}.Release|Mixed Platforms.ActiveCfg = Release|x86
		{AC91093F-899F-4D0F-A579-C1041724C7A7}.Release|Mixed Platforms.Build.0 = Release|x86
		{AC91093F-899F-4D0F-A579-C1041724C7A7}.Release|x86.ActiveCfg = Release|x86
		{AC91093F-899F-4D0F-A579-C1041724C7A7}.Release|x86.Build.0 = Release|x86
		{315EE7BF-EAE2-42C0-BFC6-CCA9160F3CFE}.Debug|Any CPU.ActiveCfg = Debug|Any CPU
		{315EE7BF-EAE2-42C0-BFC6-CCA9160F3CFE}.Debug|Any CPU.Build.0 = Debug|Any CPU
		{315EE7BF-EAE2-42C0-BFC6-CCA9160F3CFE}.Debug|Mixed Platforms.ActiveCfg = Debug|Any CPU
		{315EE7BF-EAE2-42C0-BFC6-CCA9160F3CFE}.Debug|Mixed Platforms.Build.0 = Debug|Any CPU
		{315EE7BF-EAE2-42C0-BFC6-CCA9160F3CFE}.Debug|x86.ActiveCfg = Debug|Any CPU
		{315EE7BF-EAE2-42C0-BFC6-CCA9160F3CFE}.Release|Any CPU.ActiveCfg = Release|Any CPU
		{315EE7BF-EAE2-42C0-BFC6-CCA9160F3CFE}.Release|Any CPU.Build.0 = Release|Any CPU
		{315EE7BF-EAE2-42C0-BFC6-CCA9160F3CFE}.Release|Mixed Platforms.ActiveCfg = Release|Any CPU
		{315EE7BF-EAE2-42C0-BFC6-CCA9160F3CFE}.Release|Mixed Platforms.Build.0 = Release|Any CPU
		{315EE7BF-EAE2-42C0-BFC6-CCA9160F3CFE}.Release|x86.ActiveCfg = Release|Any CPU
		{B564FD33-FA50-46B2-B669-2D83DE3AF5E4}.Debug|Any CPU.ActiveCfg = Debug|Any CPU
		{B564FD33-FA50-46B2-B669-2D83DE3AF5E4}.Debug|Any CPU.Build.0 = Debug|Any CPU
		{B564FD33-FA50-46B2-B669-2D83DE3AF5E4}.Debug|Mixed Platforms.ActiveCfg = Debug|Any CPU
		{B564FD33-FA50-46B2-B669-2D83DE3AF5E4}.Debug|Mixed Platforms.Build.0 = Debug|Any CPU
		{B564FD33-FA50-46B2-B669-2D83DE3AF5E4}.Debug|x86.ActiveCfg = Debug|Any CPU
		{B564FD33-FA50-46B2-B669-2D83DE3AF5E4}.Release|Any CPU.ActiveCfg = Release|Any CPU
		{B564FD33-FA50-46B2-B669-2D83DE3AF5E4}.Release|Any CPU.Build.0 = Release|Any CPU
		{B564FD33-FA50-46B2-B669-2D83DE3AF5E4}.Release|Mixed Platforms.ActiveCfg = Release|Any CPU
		{B564FD33-FA50-46B2-B669-2D83DE3AF5E4}.Release|Mixed Platforms.Build.0 = Release|Any CPU
		{B564FD33-FA50-46B2-B669-2D83DE3AF5E4}.Release|x86.ActiveCfg = Release|Any CPU
		{34A2F3AB-F727-4C76-9B1E-221B6D1B152A}.Debug|Any CPU.ActiveCfg = Debug
		{34A2F3AB-F727-4C76-9B1E-221B6D1B152A}.Debug|Mixed Platforms.ActiveCfg = Debug
		{34A2F3AB-F727-4C76-9B1E-221B6D1B152A}.Debug|x86.ActiveCfg = Debug
		{34A2F3AB-F727-4C76-9B1E-221B6D1B152A}.Release|Any CPU.ActiveCfg = Release
		{34A2F3AB-F727-4C76-9B1E-221B6D1B152A}.Release|Mixed Platforms.ActiveCfg = Release
		{34A2F3AB-F727-4C76-9B1E-221B6D1B152A}.Release|x86.ActiveCfg = Release
	EndGlobalSection
	GlobalSection(SolutionProperties) = preSolution
		HideSolutionNode = FALSE
	EndGlobalSection
EndGlobal
